
Microsoft Visual Studio Solution File, Format Version 12.00
# Visual Studio Version 17
VisualStudioVersion = 17.3.32819.101
MinimumVisualStudioVersion = 10.0.40219.1
Project("{FAE04EC0-301F-11D3-BF4B-00C04F79EFBC}") = "BlazorWASMDemoWithAuth.Server", "BlazorWASMDemoWithAuth\Server\BlazorWASMDemoWithAuth.Server.csproj", "{1D9C350F-D76E-4F98-ACC9-F5DC3AC9D32B}"
EndProject
Project("{FAE04EC0-301F-11D3-BF4B-00C04F79EFBC}") = "BlazorWASMDemoWithAuth.Client", "BlazorWASMDemoWithAuth\Client\BlazorWASMDemoWithAuth.Client.csproj", "{DE1067D0-B0D7-4D92-B8AF-02DB6D93F347}"
EndProject
Project("{FAE04EC0-301F-11D3-BF4B-00C04F79EFBC}") = "BlazorWASMDemoWithAuth.Shared", "BlazorWASMDemoWithAuth\Shared\BlazorWASMDemoWithAuth.Shared.csproj", "{53AFBECA-0BCE-4DA8-9041-927F9A07FB01}"
EndProject
Global
	GlobalSection(SolutionConfigurationPlatforms) = preSolution
		Debug|Any CPU = Debug|Any CPU
		Release|Any CPU = Release|Any CPU
	EndGlobalSection
	GlobalSection(ProjectConfigurationPlatforms) = postSolution
		{1D9C350F-D76E-4F98-ACC9-F5DC3AC9D32B}.Debug|Any CPU.ActiveCfg = Debug|Any CPU
		{1D9C350F-D76E-4F98-ACC9-F5DC3AC9D32B}.Debug|Any CPU.Build.0 = Debug|Any CPU
		{1D9C350F-D76E-4F98-ACC9-F5DC3AC9D32B}.Release|Any CPU.ActiveCfg = Release|Any CPU
		{1D9C350F-D76E-4F98-ACC9-F5DC3AC9D32B}.Release|Any CPU.Build.0 = Release|Any CPU
		{DE1067D0-B0D7-4D92-B8AF-02DB6D93F347}.Debug|Any CPU.ActiveCfg = Debug|Any CPU
		{DE1067D0-B0D7-4D92-B8AF-02DB6D93F347}.Debug|Any CPU.Build.0 = Debug|Any CPU
		{DE1067D0-B0D7-4D92-B8AF-02DB6D93F347}.Release|Any CPU.ActiveCfg = Release|Any CPU
		{DE1067D0-B0D7-4D92-B8AF-02DB6D93F347}.Release|Any CPU.Build.0 = Release|Any CPU
		{53AFBECA-0BCE-4DA8-9041-927F9A07FB01}.Debug|Any CPU.ActiveCfg = Debug|Any CPU
		{53AFBECA-0BCE-4DA8-9041-927F9A07FB01}.Debug|Any CPU.Build.0 = Debug|Any CPU
		{53AFBECA-0BCE-4DA8-9041-927F9A07FB01}.Release|Any CPU.ActiveCfg = Release|Any CPU
		{53AFBECA-0BCE-4DA8-9041-927F9A07FB01}.Release|Any CPU.Build.0 = Release|Any CPU
	EndGlobalSection
	GlobalSection(SolutionProperties) = preSolution
		HideSolutionNode = FALSE
	EndGlobalSection
	GlobalSection(ExtensibilityGlobals) = postSolution
		SolutionGuid = {51C35CA3-92AA-4F7C-9C50-9E6C8C66701C}
	EndGlobalSection
EndGlobal
